
Microsoft Visual Studio Solution File, Format Version 12.00
# Visual Studio Version 16
VisualStudioVersion = 16.0.33328.57
MinimumVisualStudioVersion = 10.0.40219.1
Project("{FAE04EC0-301F-11D3-BF4B-00C04F79EFBC}") = "ClassesAndMethods", "ClassesAndMethods\ClassesAndMethods.csproj", "{8232435D-1263-47F5-B631-4248D51E51F8}"
EndProject
Global
	GlobalSection(SolutionConfigurationPlatforms) = preSolution
		Debug|Any CPU = Debug|Any CPU
		Release|Any CPU = Release|Any CPU
	EndGlobalSection
	GlobalSection(ProjectConfigurationPlatforms) = postSolution
		{8232435D-1263-47F5-B631-4248D51E51F8}.Debug|Any CPU.ActiveCfg = Debug|Any CPU
		{8232435D-1263-47F5-B631-4248D51E51F8}.Debug|Any CPU.Build.0 = Debug|Any CPU
		{8232435D-1263-47F5-B631-4248D51E51F8}.Release|Any CPU.ActiveCfg = Release|Any CPU
		{8232435D-1263-47F5-B631-4248D51E51F8}.Release|Any CPU.Build.0 = Release|Any CPU
	EndGlobalSection
	GlobalSection(SolutionProperties) = preSolution
		HideSolutionNode = FALSE
	EndGlobalSection
	GlobalSection(ExtensibilityGlobals) = postSolution
		SolutionGuid = {48B13C7D-C81C-4E77-8F5A-A0EDD4398C85}
	EndGlobalSection
EndGlobal
